// !$*UTF8*$!
{
	archiveVersion = 1;
	classes = {
	};
	objectVersion = 46;
	objects = {

/* Begin PBXBuildFile section */
		524BFA511B2B82DD00AB642D /* AppDelegate.swift in Sources */ = {isa = PBXBuildFile; fileRef = 524BFA501B2B82DD00AB642D /* AppDelegate.swift */; };
		524BFA531B2B82DD00AB642D /* ViewController.swift in Sources */ = {isa = PBXBuildFile; fileRef = 524BFA521B2B82DD00AB642D /* ViewController.swift */; };
		524BFA561B2B82DD00AB642D /* Main.storyboard in Resources */ = {isa = PBXBuildFile; fileRef = 524BFA541B2B82DD00AB642D /* Main.storyboard */; };
		524BFA581B2B82DD00AB642D /* Images.xcassets in Resources */ = {isa = PBXBuildFile; fileRef = 524BFA571B2B82DD00AB642D /* Images.xcassets */; };
		524BFA5B1B2B82DD00AB642D /* LaunchScreen.xib in Resources */ = {isa = PBXBuildFile; fileRef = 524BFA591B2B82DD00AB642D /* LaunchScreen.xib */; };
		524BFA671B2B82DD00AB642D /* HelpingHandTests.swift in Sources */ = {isa = PBXBuildFile; fileRef = 524BFA661B2B82DD00AB642D /* HelpingHandTests.swift */; };
/* End PBXBuildFile section */

/* Begin PBXContainerItemProxy section */
		524BFA611B2B82DD00AB642D /* PBXContainerItemProxy */ = {
			isa = PBXContainerItemProxy;
			containerPortal = 524BFA431B2B82DD00AB642D /* Project object */;
			proxyType = 1;
			remoteGlobalIDString = 524BFA4A1B2B82DD00AB642D;
			remoteInfo = HelpingHand;
		};
/* End PBXContainerItemProxy section */

/* Begin PBXFileReference section */
		524BFA4B1B2B82DD00AB642D /* HelpingHand.app */ = {isa = PBXFileReference; explicitFileType = wrapper.application; includeInIndex = 0; path = HelpingHand.app; sourceTree = BUILT_PRODUCTS_DIR; };
		524BFA4F1B2B82DD00AB642D /* Info.plist */ = {isa = PBXFileReference; lastKnownFileType = text.plist.xml; path = Info.plist; sourceTree = "<group>"; };
		524BFA501B2B82DD00AB642D /* AppDelegate.swift */ = {isa = PBXFileReference; lastKnownFileType = sourcecode.swift; path = AppDelegate.swift; sourceTree = "<group>"; };
		524BFA521B2B82DD00AB642D /* ViewController.swift */ = {isa = PBXFileReference; lastKnownFileType = sourcecode.swift; path = ViewController.swift; sourceTree = "<group>"; };
		524BFA551B2B82DD00AB642D /* Base */ = {isa = PBXFileReference; lastKnownFileType = file.storyboard; name = Base; path = Base.lproj/Main.storyboard; sourceTree = "<group>"; };
		524BFA571B2B82DD00AB642D /* Images.xcassets */ = {isa = PBXFileReference; lastKnownFileType = folder.assetcatalog; path = Images.xcassets; sourceTree = "<group>"; };
		524BFA5A1B2B82DD00AB642D /* Base */ = {isa = PBXFileReference; lastKnownFileType = file.xib; name = Base; path = Base.lproj/LaunchScreen.xib; sourceTree = "<group>"; };
		524BFA601B2B82DD00AB642D /* HelpingHandTests.xctest */ = {isa = PBXFileReference; explicitFileType = wrapper.cfbundle; includeInIndex = 0; path = HelpingHandTests.xctest; sourceTree = BUILT_PRODUCTS_DIR; };
		524BFA651B2B82DD00AB642D /* Info.plist */ = {isa = PBXFileReference; lastKnownFileType = text.plist.xml; path = Info.plist; sourceTree = "<group>"; };
		524BFA661B2B82DD00AB642D /* HelpingHandTests.swift */ = {isa = PBXFileReference; lastKnownFileType = sourcecode.swift; path = HelpingHandTests.swift; sourceTree = "<group>"; };
/* End PBXFileReference section */

/* Begin PBXFrameworksBuildPhase section */
		524BFA481B2B82DD00AB642D /* Frameworks */ = {
			isa = PBXFrameworksBuildPhase;
			buildActionMask = 2147483647;
			files = (
			);
			runOnlyForDeploymentPostprocessing = 0;
		};
		524BFA5D1B2B82DD00AB642D /* Frameworks */ = {
			isa = PBXFrameworksBuildPhase;
			buildActionMask = 2147483647;
			files = (
			);
			runOnlyForDeploymentPostprocessing = 0;
		};
/* End PBXFrameworksBuildPhase section */

/* Begin PBXGroup section */
		524BFA421B2B82DD00AB642D = {
			isa = PBXGroup;
			children = (
				524BFA4D1B2B82DD00AB642D /* HelpingHand */,
				524BFA631B2B82DD00AB642D /* HelpingHandTests */,
				524BFA4C1B2B82DD00AB642D /* Products */,
			);
			sourceTree = "<group>";
		};
		524BFA4C1B2B82DD00AB642D /* Products */ = {
			isa = PBXGroup;
			children = (
				524BFA4B1B2B82DD00AB642D /* HelpingHand.app */,
				524BFA601B2B82DD00AB642D /* HelpingHandTests.xctest */,
			);
			name = Products;
			sourceTree = "<group>";
		};
		524BFA4D1B2B82DD00AB642D /* HelpingHand */ = {
			isa = PBXGroup;
			children = (
				524BFA501B2B82DD00AB642D /* AppDelegate.swift */,
				524BFA521B2B82DD00AB642D /* ViewController.swift */,
				524BFA541B2B82DD00AB642D /* Main.storyboard */,
				524BFA571B2B82DD00AB642D /* Images.xcassets */,
				524BFA591B2B82DD00AB642D /* LaunchScreen.xib */,
				524BFA4E1B2B82DD00AB642D /* Supporting Files */,
			);
			path = HelpingHand;
			sourceTree = "<group>";
		};
		524BFA4E1B2B82DD00AB642D /* Supporting Files */ = {
			isa = PBXGroup;
			children = (
				524BFA4F1B2B82DD00AB642D /* Info.plist */,
			);
			name = "Supporting Files";
			sourceTree = "<group>";
		};
		524BFA631B2B82DD00AB642D /* HelpingHandTests */ = {
			isa = PBXGroup;
			children = (
				524BFA661B2B82DD00AB642D /* HelpingHandTests.swift */,
				524BFA641B2B82DD00AB642D /* Supporting Files */,
			);
			path = HelpingHandTests;
			sourceTree = "<group>";
		};
		524BFA641B2B82DD00AB642D /* Supporting Files */ = {
			isa = PBXGroup;
			children = (
				524BFA651B2B82DD00AB642D /* Info.plist */,
			);
			name = "Supporting Files";
			sourceTree = "<group>";
		};
/* End PBXGroup section */

/* Begin PBXNativeTarget section */
		524BFA4A1B2B82DD00AB642D /* HelpingHand */ = {
			isa = PBXNativeTarget;
			buildConfigurationList = 524BFA6A1B2B82DD00AB642D /* Build configuration list for PBXNativeTarget "HelpingHand" */;
			buildPhases = (
				524BFA471B2B82DD00AB642D /* Sources */,
				524BFA481B2B82DD00AB642D /* Frameworks */,
				524BFA491B2B82DD00AB642D /* Resources */,
			);
			buildRules = (
			);
			dependencies = (
			);
			name = HelpingHand;
			productName = HelpingHand;
			productReference = 524BFA4B1B2B82DD00AB642D /* HelpingHand.app */;
			productType = "com.apple.product-type.application";
		};
		524BFA5F1B2B82DD00AB642D /* HelpingHandTests */ = {
			isa = PBXNativeTarget;
			buildConfigurationList = 524BFA6D1B2B82DD00AB642D /* Build configuration list for PBXNativeTarget "HelpingHandTests" */;
			buildPhases = (
				524BFA5C1B2B82DD00AB642D /* Sources */,
				524BFA5D1B2B82DD00AB642D /* Frameworks */,
				524BFA5E1B2B82DD00AB642D /* Resources */,
			);
			buildRules = (
			);
			dependencies = (
				524BFA621B2B82DD00AB642D /* PBXTargetDependency */,
			);
			name = HelpingHandTests;
			productName = HelpingHandTests;
			productReference = 524BFA601B2B82DD00AB642D /* HelpingHandTests.xctest */;
			productType = "com.apple.product-type.bundle.unit-test";
		};
/* End PBXNativeTarget section */

/* Begin PBXProject section */
		524BFA431B2B82DD00AB642D /* Project object */ = {
			isa = PBXProject;
			attributes = {
				LastUpgradeCheck = 0630;
				ORGANIZATIONNAME = "Felton, Jenner";
				TargetAttributes = {
					524BFA4A1B2B82DD00AB642D = {
						CreatedOnToolsVersion = 6.3.2;
					};
					524BFA5F1B2B82DD00AB642D = {
						CreatedOnToolsVersion = 6.3.2;
						TestTargetID = 524BFA4A1B2B82DD00AB642D;
					};
				};
			};
			buildConfigurationList = 524BFA461B2B82DD00AB642D /* Build configuration list for PBXProject "HelpingHand" */;
			compatibilityVersion = "Xcode 3.2";
			developmentRegion = English;
			hasScannedForEncodings = 0;
			knownRegions = (
				en,
				Base,
			);
			mainGroup = 524BFA421B2B82DD00AB642D;
			productRefGroup = 524BFA4C1B2B82DD00AB642D /* Products */;
			projectDirPath = "";
			projectRoot = "";
			targets = (
				524BFA4A1B2B82DD00AB642D /* HelpingHand */,
				524BFA5F1B2B82DD00AB642D /* HelpingHandTests */,
			);
		};
/* End PBXProject section */

/* Begin PBXResourcesBuildPhase section */
		524BFA491B2B82DD00AB642D /* Resources */ = {
			isa = PBXResourcesBuildPhase;
			buildActionMask = 2147483647;
			files = (
				524BFA561B2B82DD00AB642D /* Main.storyboard in Resources */,
				524BFA5B1B2B82DD00AB642D /* LaunchScreen.xib in Resources */,
				524BFA581B2B82DD00AB642D /* Images.xcassets in Resources */,
			);
			runOnlyForDeploymentPostprocessing = 0;
		};
		524BFA5E1B2B82DD00AB642D /* Resources */ = {
			isa = PBXResourcesBuildPhase;
			buildActionMask = 2147483647;
			files = (
			);
			runOnlyForDeploymentPostprocessing = 0;
		};
/* End PBXResourcesBuildPhase section */

/* Begin PBXSourcesBuildPhase section */
		524BFA471B2B82DD00AB642D /* Sources */ = {
			isa = PBXSourcesBuildPhase;
			buildActionMask = 2147483647;
			files = (
				524BFA531B2B82DD00AB642D /* ViewController.swift in Sources */,
				524BFA511B2B82DD00AB642D /* AppDelegate.swift in Sources */,
			);
			runOnlyForDeploymentPostprocessing = 0;
		};
		524BFA5C1B2B82DD00AB642D /* Sources */ = {
			isa = PBXSourcesBuildPhase;
			buildActionMask = 2147483647;
			files = (
				524BFA671B2B82DD00AB642D /* HelpingHandTests.swift in Sources */,
			);
			runOnlyForDeploymentPostprocessing = 0;
		};
/* End PBXSourcesBuildPhase section */

/* Begin PBXTargetDependency section */
		524BFA621B2B82DD00AB642D /* PBXTargetDependency */ = {
			isa = PBXTargetDependency;
			target = 524BFA4A1B2B82DD00AB642D /* HelpingHand */;
			targetProxy = 524BFA611B2B82DD00AB642D /* PBXContainerItemProxy */;
		};
/* End PBXTargetDependency section */

/* Begin PBXVariantGroup section */
		524BFA541B2B82DD00AB642D /* Main.storyboard */ = {
			isa = PBXVariantGroup;
			children = (
				524BFA551B2B82DD00AB642D /* Base */,
			);
			name = Main.storyboard;
			sourceTree = "<group>";
		};
		524BFA591B2B82DD00AB642D /* LaunchScreen.xib */ = {
			isa = PBXVariantGroup;
			children = (
				524BFA5A1B2B82DD00AB642D /* Base */,
			);
			name = LaunchScreen.xib;
			sourceTree = "<group>";
		};
/* End PBXVariantGroup section */

/* Begin XCBuildConfiguration section */
		524BFA681B2B82DD00AB642D /* Debug */ = {
			isa = XCBuildConfiguration;
			buildSettings = {
				ALWAYS_SEARCH_USER_PATHS = NO;
				CLANG_CXX_LANGUAGE_STANDARD = "gnu++0x";
				CLANG_CXX_LIBRARY = "libc++";
				CLANG_ENABLE_MODULES = YES;
				CLANG_ENABLE_OBJC_ARC = YES;
				CLANG_WARN_BOOL_CONVERSION = YES;
				CLANG_WARN_CONSTANT_CONVERSION = YES;
				CLANG_WARN_DIRECT_OBJC_ISA_USAGE = YES_ERROR;
				CLANG_WARN_EMPTY_BODY = YES;
				CLANG_WARN_ENUM_CONVERSION = YES;
				CLANG_WARN_INT_CONVERSION = YES;
				CLANG_WARN_OBJC_ROOT_CLASS = YES_ERROR;
				CLANG_WARN_UNREACHABLE_CODE = YES;
				CLANG_WARN__DUPLICATE_METHOD_MATCH = YES;
				"CODE_SIGN_IDENTITY[sdk=iphoneos*]" = "iPhone Developer";
				COPY_PHASE_STRIP = NO;
				DEBUG_INFORMATION_FORMAT = "dwarf-with-dsym";
				ENABLE_STRICT_OBJC_MSGSEND = YES;
				GCC_C_LANGUAGE_STANDARD = gnu99;
				GCC_DYNAMIC_NO_PIC = NO;
				GCC_NO_COMMON_BLOCKS = YES;
				GCC_OPTIMIZATION_LEVEL = 0;
				GCC_PREPROCESSOR_DEFINITIONS = (
					"DEBUG=1",
					"$(inherited)",
				);
				GCC_SYMBOLS_PRIVATE_EXTERN = NO;
				GCC_WARN_64_TO_32_BIT_CONVERSION = YES;
				GCC_WARN_ABOUT_RETURN_TYPE = YES_ERROR;
				GCC_WARN_UNDECLARED_SELECTOR = YES;
				GCC_WARN_UNINITIALIZED_AUTOS = YES_AGGRESSIVE;
				GCC_WARN_UNUSED_FUNCTION = YES;
				GCC_WARN_UNUSED_VARIABLE = YES;
				IPHONEOS_DEPLOYMENT_TARGET = 8.3;
				MTL_ENABLE_DEBUG_INFO = YES;
				ONLY_ACTIVE_ARCH = YES;
				SDKROOT = iphoneos;
				SWIFT_OPTIMIZATION_LEVEL = "-Onone";
				TARGETED_DEVICE_FAMILY = "1,2";
			};
			name = Debug;
		};
		524BFA691B2B82DD00AB642D /* Release */ = {
			isa = XCBuildConfiguration;
			buildSettings = {
				ALWAYS_SEARCH_USER_PATHS = NO;
				CLANG_CXX_LANGUAGE_STANDARD = "gnu++0x";
				CLANG_CXX_LIBRARY = "libc++";
				CLANG_ENABLE_MODULES = YES;
				CLANG_ENABLE_OBJC_ARC = YES;
				CLANG_WARN_BOOL_CONVERSION = YES;
				CLANG_WARN_CONSTANT_CONVERSION = YES;
				CLANG_WARN_DIRECT_OBJC_ISA_USAGE = YES_ERROR;
				CLANG_WARN_EMPTY_BODY = YES;
				CLANG_WARN_ENUM_CONVERSION = YES;
				CLANG_WARN_INT_CONVERSION = YES;
				CLANG_WARN_OBJC_ROOT_CLASS = YES_ERROR;
				CLANG_WARN_UNREACHABLE_CODE = YES;
				CLANG_WARN__DUPLICATE_METHOD_MATCH = YES;
				"CODE_SIGN_IDENTITY[sdk=iphoneos*]" = "iPhone Developer";
				COPY_PHASE_STRIP = NO;
				DEBUG_INFORMATION_FORMAT = "dwarf-with-dsym";
				ENABLE_NS_ASSERTIONS = NO;
				ENABLE_STRICT_OBJC_MSGSEND = YES;
				GCC_C_LANGUAGE_STANDARD = gnu99;
				GCC_NO_COMMON_BLOCKS = YES;
				GCC_WARN_64_TO_32_BIT_CONVERSION = YES;
				GCC_WARN_ABOUT_RETURN_TYPE = YES_ERROR;
				GCC_WARN_UNDECLARED_SELECTOR = YES;
				GCC_WARN_UNINITIALIZED_AUTOS = YES_AGGRESSIVE;
				GCC_WARN_UNUSED_FUNCTION = YES;
				GCC_WARN_UNUSED_VARIABLE = YES;
				IPHONEOS_DEPLOYMENT_TARGET = 8.3;
				MTL_ENABLE_DEBUG_INFO = NO;
				SDKROOT = iphoneos;
				TARGETED_DEVICE_FAMILY = "1,2";
				VALIDATE_PRODUCT = YES;
			};
			name = Release;
		};
		524BFA6B1B2B82DD00AB642D /* Debug */ = {
			isa = XCBuildConfiguration;
			buildSettings = {
				ASSETCATALOG_COMPILER_APPICON_NAME = AppIcon;
				INFOPLIST_FILE = HelpingHand/Info.plist;
				LD_RUNPATH_SEARCH_PATHS = "$(inherited) @executable_path/Frameworks";
				PRODUCT_NAME = "$(TARGET_NAME)";
			};
			name = Debug;
		};
		524BFA6C1B2B82DD00AB642D /* Release */ = {
			isa = XCBuildConfiguration;
			buildSettings = {
				ASSETCATALOG_COMPILER_APPICON_NAME = AppIcon;
				INFOPLIST_FILE = HelpingHand/Info.plist;
				LD_RUNPATH_SEARCH_PATHS = "$(inherited) @executable_path/Frameworks";
				PRODUCT_NAME = "$(TARGET_NAME)";
			};
			name = Release;
		};
		524BFA6E1B2B82DD00AB642D /* Debug */ = {
			isa = XCBuildConfiguration;
			buildSettings = {
				BUNDLE_LOADER = "$(TEST_HOST)";
				FRAMEWORK_SEARCH_PATHS = (
					"$(SDKROOT)/Developer/Library/Frameworks",
					"$(inherited)",
				);
				GCC_PREPROCESSOR_DEFINITIONS = (
					"DEBUG=1",
					"$(inherited)",
				);
				INFOPLIST_FILE = HelpingHandTests/Info.plist;
				LD_RUNPATH_SEARCH_PATHS = "$(inherited) @executable_path/Frameworks @loader_path/Frameworks";
				PRODUCT_NAME = "$(TARGET_NAME)";
				TEST_HOST = "$(BUILT_PRODUCTS_DIR)/HelpingHand.app/HelpingHand";
			};
			name = Debug;
		};
		524BFA6F1B2B82DD00AB642D /* Release */ = {
			isa = XCBuildConfiguration;
			buildSettings = {
				BUNDLE_LOADER = "$(TEST_HOST)";
				FRAMEWORK_SEARCH_PATHS = (
					"$(SDKROOT)/Developer/Library/Frameworks",
					"$(inherited)",
				);
				INFOPLIST_FILE = HelpingHandTests/Info.plist;
				LD_RUNPATH_SEARCH_PATHS = "$(inherited) @executable_path/Frameworks @loader_path/Frameworks";
				PRODUCT_NAME = "$(TARGET_NAME)";
				TEST_HOST = "$(BUILT_PRODUCTS_DIR)/HelpingHand.app/HelpingHand";
			};
			name = Release;
		};
/* End XCBuildConfiguration section */

/* Begin XCConfigurationList section */
		524BFA461B2B82DD00AB642D /* Build configuration list for PBXProject "HelpingHand" */ = {
			isa = XCConfigurationList;
			buildConfigurations = (
				524BFA681B2B82DD00AB642D /* Debug */,
				524BFA691B2B82DD00AB642D /* Release */,
			);
			defaultConfigurationIsVisible = 0;
			defaultConfigurationName = Release;
		};
		524BFA6A1B2B82DD00AB642D /* Build configuration list for PBXNativeTarget "HelpingHand" */ = {
			isa = XCConfigurationList;
			buildConfigurations = (
				524BFA6B1B2B82DD00AB642D /* Debug */,
				524BFA6C1B2B82DD00AB642D /* Release */,
			);
			defaultConfigurationIsVisible = 0;
		};
		524BFA6D1B2B82DD00AB642D /* Build configuration list for PBXNativeTarget "HelpingHandTests" */ = {
			isa = XCConfigurationList;
			buildConfigurations = (
				524BFA6E1B2B82DD00AB642D /* Debug */,
				524BFA6F1B2B82DD00AB642D /* Release */,
			);
			defaultConfigurationIsVisible = 0;
		};
/* End XCConfigurationList section */
	};
	rootObject = 524BFA431B2B82DD00AB642D /* Project object */;
}
